// !$*UTF8*$!
{
	archiveVersion = 1;
	classes = {
	};
	objectVersion = 50;
	objects = {

/* Begin PBXBuildFile section */
		57B7812F267BFC0D007AD6CE /* AppDelegate.swift in Sources */ = {isa = PBXBuildFile; fileRef = 57B7812E267BFC0D007AD6CE /* AppDelegate.swift */; };
		57B78131267BFC0D007AD6CE /* SceneDelegate.swift in Sources */ = {isa = PBXBuildFile; fileRef = 57B78130267BFC0D007AD6CE /* SceneDelegate.swift */; };
		57B78138267BFC10007AD6CE /* Assets.xcassets in Resources */ = {isa = PBXBuildFile; fileRef = 57B78137267BFC10007AD6CE /* Assets.xcassets */; };
		57B7813B267BFC10007AD6CE /* LaunchScreen.storyboard in Resources */ = {isa = PBXBuildFile; fileRef = 57B78139267BFC10007AD6CE /* LaunchScreen.storyboard */; };
		57B78143267BFC29007AD6CE /* Main.storyboard in Resources */ = {isa = PBXBuildFile; fileRef = 57B78142267BFC29007AD6CE /* Main.storyboard */; };
		57B78145267BFC5D007AD6CE /* LoginViewController.swift in Sources */ = {isa = PBXBuildFile; fileRef = 57B78144267BFC5D007AD6CE /* LoginViewController.swift */; };
		57B78149267BFC70007AD6CE /* Alert.swift in Sources */ = {isa = PBXBuildFile; fileRef = 57B78148267BFC70007AD6CE /* Alert.swift */; };
		57B7814B267BFC74007AD6CE /* Validations.swift in Sources */ = {isa = PBXBuildFile; fileRef = 57B7814A267BFC74007AD6CE /* Validations.swift */; };
/* End PBXBuildFile section */

/* Begin PBXFileReference section */
		57B7812B267BFC0D007AD6CE /* SwiftErrorHandlingTutorial02.app */ = {isa = PBXFileReference; explicitFileType = wrapper.application; includeInIndex = 0; path = SwiftErrorHandlingTutorial02.app; sourceTree = BUILT_PRODUCTS_DIR; };
		57B7812E267BFC0D007AD6CE /* AppDelegate.swift */ = {isa = PBXFileReference; lastKnownFileType = sourcecode.swift; path = AppDelegate.swift; sourceTree = "<group>"; };
		57B78130267BFC0D007AD6CE /* SceneDelegate.swift */ = {isa = PBXFileReference; lastKnownFileType = sourcecode.swift; path = SceneDelegate.swift; sourceTree = "<group>"; };
		57B78137267BFC10007AD6CE /* Assets.xcassets */ = {isa = PBXFileReference; lastKnownFileType = folder.assetcatalog; path = Assets.xcassets; sourceTree = "<group>"; };
		57B7813A267BFC10007AD6CE /* Base */ = {isa = PBXFileReference; lastKnownFileType = file.storyboard; name = Base; path = Base.lproj/LaunchScreen.storyboard; sourceTree = "<group>"; };
		57B7813C267BFC10007AD6CE /* Info.plist */ = {isa = PBXFileReference; lastKnownFileType = text.plist.xml; path = Info.plist; sourceTree = "<group>"; };
		57B78142267BFC29007AD6CE /* Main.storyboard */ = {isa = PBXFileReference; fileEncoding = 4; lastKnownFileType = file.storyboard; path = Main.storyboard; sourceTree = "<group>"; };
		57B78144267BFC5D007AD6CE /* LoginViewController.swift */ = {isa = PBXFileReference; fileEncoding = 4; lastKnownFileType = sourcecode.swift; path = LoginViewController.swift; sourceTree = "<group>"; };
		57B78148267BFC70007AD6CE /* Alert.swift */ = {isa = PBXFileReference; fileEncoding = 4; lastKnownFileType = sourcecode.swift; path = Alert.swift; sourceTree = "<group>"; };
		57B7814A267BFC74007AD6CE /* Validations.swift */ = {isa = PBXFileReference; fileEncoding = 4; lastKnownFileType = sourcecode.swift; path = Validations.swift; sourceTree = "<group>"; };
/* End PBXFileReference section */

/* Begin PBXFrameworksBuildPhase section */
		57B78128267BFC0D007AD6CE /* Frameworks */ = {
			isa = PBXFrameworksBuildPhase;
			buildActionMask = 2147483647;
			files = (
			);
			runOnlyForDeploymentPostprocessing = 0;
		};
/* End PBXFrameworksBuildPhase section */

/* Begin PBXGroup section */
		57B78122267BFC0D007AD6CE = {
			isa = PBXGroup;
			children = (
				57B7812D267BFC0D007AD6CE /* SwiftErrorHandlingTutorial02 */,
				57B7812C267BFC0D007AD6CE /* Products */,
			);
			sourceTree = "<group>";
		};
		57B7812C267BFC0D007AD6CE /* Products */ = {
			isa = PBXGroup;
			children = (
				57B7812B267BFC0D007AD6CE /* SwiftErrorHandlingTutorial02.app */,
			);
			name = Products;
			sourceTree = "<group>";
		};
		57B7812D267BFC0D007AD6CE /* SwiftErrorHandlingTutorial02 */ = {
			isa = PBXGroup;
			children = (
				57B7814A267BFC74007AD6CE /* Validations.swift */,
				57B78148267BFC70007AD6CE /* Alert.swift */,
				57B7812E267BFC0D007AD6CE /* AppDelegate.swift */,
				57B78130267BFC0D007AD6CE /* SceneDelegate.swift */,
				57B78144267BFC5D007AD6CE /* LoginViewController.swift */,
				57B78142267BFC29007AD6CE /* Main.storyboard */,
				57B78137267BFC10007AD6CE /* Assets.xcassets */,
				57B78139267BFC10007AD6CE /* LaunchScreen.storyboard */,
				57B7813C267BFC10007AD6CE /* Info.plist */,
			);
			path = SwiftErrorHandlingTutorial02;
			sourceTree = "<group>";
		};
/* End PBXGroup section */

/* Begin PBXNativeTarget section */
		57B7812A267BFC0D007AD6CE /* SwiftErrorHandlingTutorial02 */ = {
			isa = PBXNativeTarget;
			buildConfigurationList = 57B7813F267BFC10007AD6CE /* Build configuration list for PBXNativeTarget "SwiftErrorHandlingTutorial02" */;
			buildPhases = (
				57B78127267BFC0D007AD6CE /* Sources */,
				57B78128267BFC0D007AD6CE /* Frameworks */,
				57B78129267BFC0D007AD6CE /* Resources */,
			);
			buildRules = (
			);
			dependencies = (
			);
			name = SwiftErrorHandlingTutorial02;
			productName = SwiftErrorHandlingTutorial02;
			productReference = 57B7812B267BFC0D007AD6CE /* SwiftErrorHandlingTutorial02.app */;
			productType = "com.apple.product-type.application";
		};
/* End PBXNativeTarget section */

/* Begin PBXProject section */
		57B78123267BFC0D007AD6CE /* Project object */ = {
			isa = PBXProject;
			attributes = {
				LastSwiftUpdateCheck = 1250;
				LastUpgradeCheck = 1250;
				TargetAttributes = {
					57B7812A267BFC0D007AD6CE = {
						CreatedOnToolsVersion = 12.5;
					};
				};
			};
			buildConfigurationList = 57B78126267BFC0D007AD6CE /* Build configuration list for PBXProject "SwiftErrorHandlingTutorial02" */;
			compatibilityVersion = "Xcode 9.3";
			developmentRegion = en;
			hasScannedForEncodings = 0;
			knownRegions = (
				en,
				Base,
			);
			mainGroup = 57B78122267BFC0D007AD6CE;
			productRefGroup = 57B7812C267BFC0D007AD6CE /* Products */;
			projectDirPath = "";
			projectRoot = "";
			targets = (
				57B7812A267BFC0D007AD6CE /* SwiftErrorHandlingTutorial02 */,
			);
		};
/* End PBXProject section */

/* Begin PBXResourcesBuildPhase section */
		57B78129267BFC0D007AD6CE /* Resources */ = {
			isa = PBXResourcesBuildPhase;
			buildActionMask = 2147483647;
			files = (
				57B7813B267BFC10007AD6CE /* LaunchScreen.storyboard in Resources */,
				57B78138267BFC10007AD6CE /* Assets.xcassets in Resources */,
				57B78143267BFC29007AD6CE /* Main.storyboard in Resources */,
			);
			runOnlyForDeploymentPostprocessing = 0;
		};
/* End PBXResourcesBuildPhase section */

/* Begin PBXSourcesBuildPhase section */
		57B78127267BFC0D007AD6CE /* Sources */ = {
			isa = PBXSourcesBuildPhase;
			buildActionMask = 2147483647;
			files = (
				57B78145267BFC5D007AD6CE /* LoginViewController.swift in Sources */,
				57B7812F267BFC0D007AD6CE /* AppDelegate.swift in Sources */,
				57B78149267BFC70007AD6CE /* Alert.swift in Sources */,
				57B78131267BFC0D007AD6CE /* SceneDelegate.swift in Sources */,
				57B7814B267BFC74007AD6CE /* Validations.swift in Sources */,
			);
			runOnlyForDeploymentPostprocessing = 0;
		};
/* End PBXSourcesBuildPhase section */

/* Begin PBXVariantGroup section */
		57B78139267BFC10007AD6CE /* LaunchScreen.storyboard */ = {
			isa = PBXVariantGroup;
			children = (
				57B7813A267BFC10007AD6CE /* Base */,
			);
			name = LaunchScreen.storyboard;
			sourceTree = "<group>";
		};
/* End PBXVariantGroup section */

/* Begin XCBuildConfiguration section */
		57B7813D267BFC10007AD6CE /* Debug */ = {
			isa = XCBuildConfiguration;
			buildSettings = {
				ALWAYS_SEARCH_USER_PATHS = NO;
				CLANG_ANALYZER_NONNULL = YES;
				CLANG_ANALYZER_NUMBER_OBJECT_CONVERSION = YES_AGGRESSIVE;
				CLANG_CXX_LANGUAGE_STANDARD = "gnu++14";
				CLANG_CXX_LIBRARY = "libc++";
				CLANG_ENABLE_MODULES = YES;
				CLANG_ENABLE_OBJC_ARC = YES;
				CLANG_ENABLE_OBJC_WEAK = YES;
				CLANG_WARN_BLOCK_CAPTURE_AUTORELEASING = YES;
				CLANG_WARN_BOOL_CONVERSION = YES;
				CLANG_WARN_COMMA = YES;
				CLANG_WARN_CONSTANT_CONVERSION = YES;
				CLANG_WARN_DEPRECATED_OBJC_IMPLEMENTATIONS = YES;
				CLANG_WARN_DIRECT_OBJC_ISA_USAGE = YES_ERROR;
				CLANG_WARN_DOCUMENTATION_COMMENTS = YES;
				CLANG_WARN_EMPTY_BODY = YES;
				CLANG_WARN_ENUM_CONVERSION = YES;
				CLANG_WARN_INFINITE_RECURSION = YES;
				CLANG_WARN_INT_CONVERSION = YES;
				CLANG_WARN_NON_LITERAL_NULL_CONVERSION = YES;
				CLANG_WARN_OBJC_IMPLICIT_RETAIN_SELF = YES;
				CLANG_WARN_OBJC_LITERAL_CONVERSION = YES;
				CLANG_WARN_OBJC_ROOT_CLASS = YES_ERROR;
				CLANG_WARN_QUOTED_INCLUDE_IN_FRAMEWORK_HEADER = YES;
				CLANG_WARN_RANGE_LOOP_ANALYSIS = YES;
				CLANG_WARN_STRICT_PROTOTYPES = YES;
				CLANG_WARN_SUSPICIOUS_MOVE = YES;
				CLANG_WARN_UNGUARDED_AVAILABILITY = YES_AGGRESSIVE;
				CLANG_WARN_UNREACHABLE_CODE = YES;
				CLANG_WARN__DUPLICATE_METHOD_MATCH = YES;
				COPY_PHASE_STRIP = NO;
				DEBUG_INFORMATION_FORMAT = dwarf;
				ENABLE_STRICT_OBJC_MSGSEND = YES;
				ENABLE_TESTABILITY = YES;
				GCC_C_LANGUAGE_STANDARD = gnu11;
				GCC_DYNAMIC_NO_PIC = NO;
				GCC_NO_COMMON_BLOCKS = YES;
				GCC_OPTIMIZATION_LEVEL = 0;
				GCC_PREPROCESSOR_DEFINITIONS = (
					"DEBUG=1",
					"$(inherited)",
				);
				GCC_WARN_64_TO_32_BIT_CONVERSION = YES;
				GCC_WARN_ABOUT_RETURN_TYPE = YES_ERROR;
				GCC_WARN_UNDECLARED_SELECTOR = YES;
				GCC_WARN_UNINITIALIZED_AUTOS = YES_AGGRESSIVE;
				GCC_WARN_UNUSED_FUNCTION = YES;
				GCC_WARN_UNUSED_VARIABLE = YES;
				IPHONEOS_DEPLOYMENT_TARGET = 14.5;
				MTL_ENABLE_DEBUG_INFO = INCLUDE_SOURCE;
				MTL_FAST_MATH = YES;
				ONLY_ACTIVE_ARCH = YES;
				SDKROOT = iphoneos;
				SWIFT_ACTIVE_COMPILATION_CONDITIONS = DEBUG;
				SWIFT_OPTIMIZATION_LEVEL = "-Onone";
			};
			name = Debug;
		};
		57B7813E267BFC10007AD6CE /* Release */ = {
			isa = XCBuildConfiguration;
			buildSettings = {
				ALWAYS_SEARCH_USER_PATHS = NO;
				CLANG_ANALYZER_NONNULL = YES;
				CLANG_ANALYZER_NUMBER_OBJECT_CONVERSION = YES_AGGRESSIVE;
				CLANG_CXX_LANGUAGE_STANDARD = "gnu++14";
				CLANG_CXX_LIBRARY = "libc++";
				CLANG_ENABLE_MODULES = YES;
				CLANG_ENABLE_OBJC_ARC = YES;
				CLANG_ENABLE_OBJC_WEAK = YES;
				CLANG_WARN_BLOCK_CAPTURE_AUTORELEASING = YES;
				CLANG_WARN_BOOL_CONVERSION = YES;
				CLANG_WARN_COMMA = YES;
				CLANG_WARN_CONSTANT_CONVERSION = YES;
				CLANG_WARN_DEPRECATED_OBJC_IMPLEMENTATIONS = YES;
				CLANG_WARN_DIRECT_OBJC_ISA_USAGE = YES_ERROR;
				CLANG_WARN_DOCUMENTATION_COMMENTS = YES;
				CLANG_WARN_EMPTY_BODY = YES;
				CLANG_WARN_ENUM_CONVERSION = YES;
				CLANG_WARN_INFINITE_RECURSION = YES;
				CLANG_WARN_INT_CONVERSION = YES;
				CLANG_WARN_NON_LITERAL_NULL_CONVERSION = YES;
				CLANG_WARN_OBJC_IMPLICIT_RETAIN_SELF = YES;
				CLANG_WARN_OBJC_LITERAL_CONVERSION = YES;
				CLANG_WARN_OBJC_ROOT_CLASS = YES_ERROR;
				CLANG_WARN_QUOTED_INCLUDE_IN_FRAMEWORK_HEADER = YES;
				CLANG_WARN_RANGE_LOOP_ANALYSIS = YES;
				CLANG_WARN_STRICT_PROTOTYPES = YES;
				CLANG_WARN_SUSPICIOUS_MOVE = YES;
				CLANG_WARN_UNGUARDED_AVAILABILITY = YES_AGGRESSIVE;
				CLANG_WARN_UNREACHABLE_CODE = YES;
				CLANG_WARN__DUPLICATE_METHOD_MATCH = YES;
				COPY_PHASE_STRIP = NO;
				DEBUG_INFORMATION_FORMAT = "dwarf-with-dsym";
				ENABLE_NS_ASSERTIONS = NO;
				ENABLE_STRICT_OBJC_MSGSEND = YES;
				GCC_C_LANGUAGE_STANDARD = gnu11;
				GCC_NO_COMMON_BLOCKS = YES;
				GCC_WARN_64_TO_32_BIT_CONVERSION = YES;
				GCC_WARN_ABOUT_RETURN_TYPE = YES_ERROR;
				GCC_WARN_UNDECLARED_SELECTOR = YES;
				GCC_WARN_UNINITIALIZED_AUTOS = YES_AGGRESSIVE;
				GCC_WARN_UNUSED_FUNCTION = YES;
				GCC_WARN_UNUSED_VARIABLE = YES;
				IPHONEOS_DEPLOYMENT_TARGET = 14.5;
				MTL_ENABLE_DEBUG_INFO = NO;
				MTL_FAST_MATH = YES;
				SDKROOT = iphoneos;
				SWIFT_COMPILATION_MODE = wholemodule;
				SWIFT_OPTIMIZATION_LEVEL = "-O";
				VALIDATE_PRODUCT = YES;
			};
			name = Release;
		};
		57B78140267BFC10007AD6CE /* Debug */ = {
			isa = XCBuildConfiguration;
			buildSettings = {
				ASSETCATALOG_COMPILER_APPICON_NAME = AppIcon;
				ASSETCATALOG_COMPILER_GLOBAL_ACCENT_COLOR_NAME = AccentColor;
				CODE_SIGN_STYLE = Automatic;
				INFOPLIST_FILE = SwiftErrorHandlingTutorial02/Info.plist;
				LD_RUNPATH_SEARCH_PATHS = (
					"$(inherited)",
					"@executable_path/Frameworks",
				);
				PRODUCT_BUNDLE_IDENTIFIER = ataanilturgay.SwiftErrorHandlingTutorial02;
				PRODUCT_NAME = "$(TARGET_NAME)";
				SWIFT_VERSION = 5.0;
				TARGETED_DEVICE_FAMILY = "1,2";
			};
			name = Debug;
		};
		57B78141267BFC10007AD6CE /* Release */ = {
			isa = XCBuildConfiguration;
			buildSettings = {
				ASSETCATALOG_COMPILER_APPICON_NAME = AppIcon;
				ASSETCATALOG_COMPILER_GLOBAL_ACCENT_COLOR_NAME = AccentColor;
				CODE_SIGN_STYLE = Automatic;
				INFOPLIST_FILE = SwiftErrorHandlingTutorial02/Info.plist;
				LD_RUNPATH_SEARCH_PATHS = (
					"$(inherited)",
					"@executable_path/Frameworks",
				);
				PRODUCT_BUNDLE_IDENTIFIER = ataanilturgay.SwiftErrorHandlingTutorial02;
				PRODUCT_NAME = "$(TARGET_NAME)";
				SWIFT_VERSION = 5.0;
				TARGETED_DEVICE_FAMILY = "1,2";
			};
			name = Release;
		};
/* End XCBuildConfiguration section */

/* Begin XCConfigurationList section */
		57B78126267BFC0D007AD6CE /* Build configuration list for PBXProject "SwiftErrorHandlingTutorial02" */ = {
			isa = XCConfigurationList;
			buildConfigurations = (
				57B7813D267BFC10007AD6CE /* Debug */,
				57B7813E267BFC10007AD6CE /* Release */,
			);
			defaultConfigurationIsVisible = 0;
			defaultConfigurationName = Release;
		};
		57B7813F267BFC10007AD6CE /* Build configuration list for PBXNativeTarget "SwiftErrorHandlingTutorial02" */ = {
			isa = XCConfigurationList;
			buildConfigurations = (
				57B78140267BFC10007AD6CE /* Debug */,
				57B78141267BFC10007AD6CE /* Release */,
			);
			defaultConfigurationIsVisible = 0;
			defaultConfigurationName = Release;
		};
/* End XCConfigurationList section */
	};
	rootObject = 57B78123267BFC0D007AD6CE /* Project object */;
}
